// !$*UTF8*$!
{
	archiveVersion = 1;
	classes = {
	};
	objectVersion = 46;
	objects = {

/* Begin PBXBuildFile section */
		A4B4CC741CE4A5C800F02149 /* CalendarManager.h in CopyFiles */ = {isa = PBXBuildFile; fileRef = A4B4CC731CE4A5C800F02149 /* CalendarManager.h */; };
		A4B4CC761CE4A5C800F02149 /* CalendarManager.m in Sources */ = {isa = PBXBuildFile; fileRef = A4B4CC751CE4A5C800F02149 /* CalendarManager.m */; };
/* End PBXBuildFile section */

/* Begin PBXCopyFilesBuildPhase section */
		A4B4CC6E1CE4A5C800F02149 /* CopyFiles */ = {
			isa = PBXCopyFilesBuildPhase;
			buildActionMask = 2147483647;
			dstPath = "include/$(PRODUCT_NAME)";
			dstSubfolderSpec = 16;
			files = (
				A4B4CC741CE4A5C800F02149 /* CalendarManager.h in CopyFiles */,
			);
			runOnlyForDeploymentPostprocessing = 0;
		};
/* End PBXCopyFilesBuildPhase section */

/* Begin PBXFileReference section */
		A4B4CC701CE4A5C800F02149 /* libCalendarManager.a */ = {isa = PBXFileReference; explicitFileType = archive.ar; includeInIndex = 0; path = libCalendarManager.a; sourceTree = BUILT_PRODUCTS_DIR; };
		A4B4CC731CE4A5C800F02149 /* CalendarManager.h */ = {isa = PBXFileReference; lastKnownFileType = sourcecode.c.h; path = CalendarManager.h; sourceTree = "<group>"; };
		A4B4CC751CE4A5C800F02149 /* CalendarManager.m */ = {isa = PBXFileReference; lastKnownFileType = sourcecode.c.objc; path = CalendarManager.m; sourceTree = "<group>"; };
/* End PBXFileReference section */

/* Begin PBXFrameworksBuildPhase section */
		A4B4CC6D1CE4A5C800F02149 /* Frameworks */ = {
			isa = PBXFrameworksBuildPhase;
			buildActionMask = 2147483647;
			files = (
			);
			runOnlyForDeploymentPostprocessing = 0;
		};
/* End PBXFrameworksBuildPhase section */

/* Begin PBXGroup section */
		A4B4CC671CE4A5C800F02149 = {
			isa = PBXGroup;
			children = (
				A4B4CC721CE4A5C800F02149 /* CalendarManager */,
				A4B4CC711CE4A5C800F02149 /* Products */,
			);
			sourceTree = "<group>";
		};
		A4B4CC711CE4A5C800F02149 /* Products */ = {
			isa = PBXGroup;
			children = (
				A4B4CC701CE4A5C800F02149 /* libCalendarManager.a */,
			);
			name = Products;
			sourceTree = "<group>";
		};
		A4B4CC721CE4A5C800F02149 /* CalendarManager */ = {
			isa = PBXGroup;
			children = (
				A4B4CC731CE4A5C800F02149 /* CalendarManager.h */,
				A4B4CC751CE4A5C800F02149 /* CalendarManager.m */,
			);
			path = CalendarManager;
			sourceTree = "<group>";
		};
/* End PBXGroup section */

/* Begin PBXNativeTarget section */
		A4B4CC6F1CE4A5C800F02149 /* CalendarManager */ = {
			isa = PBXNativeTarget;
			buildConfigurationList = A4B4CC791CE4A5C800F02149 /* Build configuration list for PBXNativeTarget "CalendarManager" */;
			buildPhases = (
				A4B4CC6C1CE4A5C800F02149 /* Sources */,
				A4B4CC6D1CE4A5C800F02149 /* Frameworks */,
				A4B4CC6E1CE4A5C800F02149 /* CopyFiles */,
			);
			buildRules = (
			);
			dependencies = (
			);
			name = CalendarManager;
			productName = CalendarManager;
			productReference = A4B4CC701CE4A5C800F02149 /* libCalendarManager.a */;
			productType = "com.apple.product-type.library.static";
		};
/* End PBXNativeTarget section */

/* Begin PBXProject section */
		A4B4CC681CE4A5C800F02149 /* Project object */ = {
			isa = PBXProject;
			attributes = {
				LastUpgradeCheck = 0730;
				ORGANIZATIONNAME = ShoutEm;
				TargetAttributes = {
					A4B4CC6F1CE4A5C800F02149 = {
						CreatedOnToolsVersion = 7.3.1;
					};
				};
			};
			buildConfigurationList = A4B4CC6B1CE4A5C800F02149 /* Build configuration list for PBXProject "CalendarManager" */;
			compatibilityVersion = "Xcode 3.2";
			developmentRegion = English;
			hasScannedForEncodings = 0;
			knownRegions = (
				en,
			);
			mainGroup = A4B4CC671CE4A5C800F02149;
			productRefGroup = A4B4CC711CE4A5C800F02149 /* Products */;
			projectDirPath = "";
			projectRoot = "";
			targets = (
				A4B4CC6F1CE4A5C800F02149 /* CalendarManager */,
			);
		};
/* End PBXProject section */

/* Begin PBXSourcesBuildPhase section */
		A4B4CC6C1CE4A5C800F02149 /* Sources */ = {
			isa = PBXSourcesBuildPhase;
			buildActionMask = 2147483647;
			files = (
				A4B4CC761CE4A5C800F02149 /* CalendarManager.m in Sources */,
			);
			runOnlyForDeploymentPostprocessing = 0;
		};
/* End PBXSourcesBuildPhase section */

/* Begin XCBuildConfiguration section */
		A4B4CC771CE4A5C800F02149 /* Debug */ = {
			isa = XCBuildConfiguration;
			buildSettings = {
				ALWAYS_SEARCH_USER_PATHS = NO;
				CLANG_ANALYZER_NONNULL = YES;
				CLANG_CXX_LANGUAGE_STANDARD = "gnu++0x";
				CLANG_CXX_LIBRARY = "libc++";
				CLANG_ENABLE_MODULES = YES;
				CLANG_ENABLE_OBJC_ARC = YES;
				CLANG_WARN_BOOL_CONVERSION = YES;
				CLANG_WARN_CONSTANT_CONVERSION = YES;
				CLANG_WARN_DIRECT_OBJC_ISA_USAGE = YES_ERROR;
				CLANG_WARN_EMPTY_BODY = YES;
				CLANG_WARN_ENUM_CONVERSION = YES;
				CLANG_WARN_INT_CONVERSION = YES;
				CLANG_WARN_OBJC_ROOT_CLASS = YES_ERROR;
				CLANG_WARN_UNREACHABLE_CODE = YES;
				CLANG_WARN__DUPLICATE_METHOD_MATCH = YES;
				"CODE_SIGN_IDENTITY[sdk=iphoneos*]" = "iPhone Developer";
				COPY_PHASE_STRIP = NO;
				DEBUG_INFORMATION_FORMAT = dwarf;
				ENABLE_STRICT_OBJC_MSGSEND = YES;
				ENABLE_TESTABILITY = YES;
				GCC_C_LANGUAGE_STANDARD = gnu99;
				GCC_DYNAMIC_NO_PIC = NO;
				GCC_NO_COMMON_BLOCKS = YES;
				GCC_OPTIMIZATION_LEVEL = 0;
				GCC_PREPROCESSOR_DEFINITIONS = (
					"DEBUG=1",
					"$(inherited)",
				);
				GCC_WARN_64_TO_32_BIT_CONVERSION = YES;
				GCC_WARN_ABOUT_RETURN_TYPE = YES_ERROR;
				GCC_WARN_UNDECLARED_SELECTOR = YES;
				GCC_WARN_UNINITIALIZED_AUTOS = YES_AGGRESSIVE;
				GCC_WARN_UNUSED_FUNCTION = YES;
				GCC_WARN_UNUSED_VARIABLE = YES;
				IPHONEOS_DEPLOYMENT_TARGET = 9.3;
				MTL_ENABLE_DEBUG_INFO = YES;
				ONLY_ACTIVE_ARCH = YES;
				SDKROOT = iphoneos;
			};
			name = Debug;
		};
		A4B4CC781CE4A5C800F02149 /* Release */ = {
			isa = XCBuildConfiguration;
			buildSettings = {
				ALWAYS_SEARCH_USER_PATHS = NO;
				CLANG_ANALYZER_NONNULL = YES;
				CLANG_CXX_LANGUAGE_STANDARD = "gnu++0x";
				CLANG_CXX_LIBRARY = "libc++";
				CLANG_ENABLE_MODULES = YES;
				CLANG_ENABLE_OBJC_ARC = YES;
				CLANG_WARN_BOOL_CONVERSION = YES;
				CLANG_WARN_CONSTANT_CONVERSION = YES;
				CLANG_WARN_DIRECT_OBJC_ISA_USAGE = YES_ERROR;
				CLANG_WARN_EMPTY_BODY = YES;
				CLANG_WARN_ENUM_CONVERSION = YES;
				CLANG_WARN_INT_CONVERSION = YES;
				CLANG_WARN_OBJC_ROOT_CLASS = YES_ERROR;
				CLANG_WARN_UNREACHABLE_CODE = YES;
				CLANG_WARN__DUPLICATE_METHOD_MATCH = YES;
				"CODE_SIGN_IDENTITY[sdk=iphoneos*]" = "iPhone Developer";
				COPY_PHASE_STRIP = NO;
				DEBUG_INFORMATION_FORMAT = "dwarf-with-dsym";
				ENABLE_NS_ASSERTIONS = NO;
				ENABLE_STRICT_OBJC_MSGSEND = YES;
				GCC_C_LANGUAGE_STANDARD = gnu99;
				GCC_NO_COMMON_BLOCKS = YES;
				GCC_WARN_64_TO_32_BIT_CONVERSION = YES;
				GCC_WARN_ABOUT_RETURN_TYPE = YES_ERROR;
				GCC_WARN_UNDECLARED_SELECTOR = YES;
				GCC_WARN_UNINITIALIZED_AUTOS = YES_AGGRESSIVE;
				GCC_WARN_UNUSED_FUNCTION = YES;
				GCC_WARN_UNUSED_VARIABLE = YES;
				IPHONEOS_DEPLOYMENT_TARGET = 9.3;
				MTL_ENABLE_DEBUG_INFO = NO;
				SDKROOT = iphoneos;
				VALIDATE_PRODUCT = YES;
			};
			name = Release;
		};
		A4B4CC7A1CE4A5C800F02149 /* Debug */ = {
			isa = XCBuildConfiguration;
			buildSettings = {
				HEADER_SEARCH_PATHS = (
					"$(inherited)",
					/Applications/Xcode.app/Contents/Developer/Toolchains/XcodeDefault.xctoolchain/usr/include,
					"$(SRCROOT)/../../React/**/**",
					"$(SRCROOT)/../react-native/React/**/**",
					"$(SRCROOT)/../../node_modules/react-native/React/**",
					"$(SRCROOT)/node_modules/react-native/React/**",
				);
				OTHER_LDFLAGS = "-ObjC";
				PRODUCT_NAME = "$(TARGET_NAME)";
				SKIP_INSTALL = YES;
			};
			name = Debug;
		};
		A4B4CC7B1CE4A5C800F02149 /* Release */ = {
			isa = XCBuildConfiguration;
			buildSettings = {
				HEADER_SEARCH_PATHS = (
					"$(inherited)",
					/Applications/Xcode.app/Contents/Developer/Toolchains/XcodeDefault.xctoolchain/usr/include,
					"$(SRCROOT)/../../React/**/**",
					"$(SRCROOT)/../react-native/React/**/**",
					"$(SRCROOT)/../../node_modules/react-native/React/**",
					"$(SRCROOT)/node_modules/react-native/React/**",
				);
				OTHER_LDFLAGS = "-ObjC";
				PRODUCT_NAME = "$(TARGET_NAME)";
				SKIP_INSTALL = YES;
			};
			name = Release;
		};
/* End XCBuildConfiguration section */

/* Begin XCConfigurationList section */
		A4B4CC6B1CE4A5C800F02149 /* Build configuration list for PBXProject "CalendarManager" */ = {
			isa = XCConfigurationList;
			buildConfigurations = (
				A4B4CC771CE4A5C800F02149 /* Debug */,
				A4B4CC781CE4A5C800F02149 /* Release */,
			);
			defaultConfigurationIsVisible = 0;
			defaultConfigurationName = Release;
		};
		A4B4CC791CE4A5C800F02149 /* Build configuration list for PBXNativeTarget "CalendarManager" */ = {
			isa = XCConfigurationList;
			buildConfigurations = (
				A4B4CC7A1CE4A5C800F02149 /* Debug */,
				A4B4CC7B1CE4A5C800F02149 /* Release */,
			);
			defaultConfigurationIsVisible = 0;
		};
/* End XCConfigurationList section */
	};
	rootObject = A4B4CC681CE4A5C800F02149 /* Project object */;
}
